
Microsoft Visual Studio Solution File, Format Version 12.00
# Visual Studio Version 17
VisualStudioVersion = 17.1.32407.343
MinimumVisualStudioVersion = 10.0.40219.1
Project("{FAE04EC0-301F-11D3-BF4B-00C04F79EFBC}") = "Watercooler", "Watercooler\Watercooler.csproj", "{361A4087-69CF-44C3-B8AE-D10F5623DEC9}"
EndProject
Global
	GlobalSection(SolutionConfigurationPlatforms) = preSolution
		Debug|Any CPU = Debug|Any CPU
		Release|Any CPU = Release|Any CPU
	EndGlobalSection
	GlobalSection(ProjectConfigurationPlatforms) = postSolution
		{361A4087-69CF-44C3-B8AE-D10F5623DEC9}.Debug|Any CPU.ActiveCfg = Debug|Any CPU
		{361A4087-69CF-44C3-B8AE-D10F5623DEC9}.Debug|Any CPU.Build.0 = Debug|Any CPU
		{361A4087-69CF-44C3-B8AE-D10F5623DEC9}.Release|Any CPU.ActiveCfg = Release|Any CPU
		{361A4087-69CF-44C3-B8AE-D10F5623DEC9}.Release|Any CPU.Build.0 = Release|Any CPU
	EndGlobalSection
	GlobalSection(SolutionProperties) = preSolution
		HideSolutionNode = FALSE
	EndGlobalSection
	GlobalSection(ExtensibilityGlobals) = postSolution
		SolutionGuid = {A27BC3E3-5CE4-4917-A0FD-4B7C87598694}
	EndGlobalSection
EndGlobal
